
Microsoft Visual Studio Solution File, Format Version 12.00
# Visual Studio Version 17
VisualStudioVersion = 17.5.2.0
MinimumVisualStudioVersion = 10.0.40219.1
Project("{FAE04EC0-301F-11D3-BF4B-00C04F79EFBC}") = "TimeTrackerConsole", "TimeTrackerConsole.csproj", "{62D9D1D3-60E8-AECF-61ED-C340EF57106B}"
EndProject
Project("{FAE04EC0-301F-11D3-BF4B-00C04F79EFBC}") = "TimeTrackerConsole.Tests", "TimeTrackerConsole.Tests\TimeTrackerConsole.Tests.csproj", "{3CF17889-9A2E-40F8-8CE1-779A31316403}"
EndProject
Global
	GlobalSection(SolutionConfigurationPlatforms) = preSolution
		Debug|Any CPU = Debug|Any CPU
		Debug|x64 = Debug|x64
		Debug|x86 = Debug|x86
		Release|Any CPU = Release|Any CPU
		Release|x64 = Release|x64
		Release|x86 = Release|x86
	EndGlobalSection
	GlobalSection(ProjectConfigurationPlatforms) = postSolution
		{62D9D1D3-60E8-AECF-61ED-C340EF57106B}.Debug|Any CPU.ActiveCfg = Debug|Any CPU
		{62D9D1D3-60E8-AECF-61ED-C340EF57106B}.Debug|Any CPU.Build.0 = Debug|Any CPU
		{62D9D1D3-60E8-AECF-61ED-C340EF57106B}.Debug|x64.ActiveCfg = Debug|Any CPU
		{62D9D1D3-60E8-AECF-61ED-C340EF57106B}.Debug|x64.Build.0 = Debug|Any CPU
		{62D9D1D3-60E8-AECF-61ED-C340EF57106B}.Debug|x86.ActiveCfg = Debug|Any CPU
		{62D9D1D3-60E8-AECF-61ED-C340EF57106B}.Debug|x86.Build.0 = Debug|Any CPU
		{62D9D1D3-60E8-AECF-61ED-C340EF57106B}.Release|Any CPU.ActiveCfg = Release|Any CPU
		{62D9D1D3-60E8-AECF-61ED-C340EF57106B}.Release|Any CPU.Build.0 = Release|Any CPU
		{62D9D1D3-60E8-AECF-61ED-C340EF57106B}.Release|x64.ActiveCfg = Release|Any CPU
		{62D9D1D3-60E8-AECF-61ED-C340EF57106B}.Release|x64.Build.0 = Release|Any CPU
		{62D9D1D3-60E8-AECF-61ED-C340EF57106B}.Release|x86.ActiveCfg = Release|Any CPU
		{62D9D1D3-60E8-AECF-61ED-C340EF57106B}.Release|x86.Build.0 = Release|Any CPU
		{3CF17889-9A2E-40F8-8CE1-779A31316403}.Debug|Any CPU.ActiveCfg = Debug|Any CPU
		{3CF17889-9A2E-40F8-8CE1-779A31316403}.Debug|Any CPU.Build.0 = Debug|Any CPU
		{3CF17889-9A2E-40F8-8CE1-779A31316403}.Debug|x64.ActiveCfg = Debug|Any CPU
		{3CF17889-9A2E-40F8-8CE1-779A31316403}.Debug|x64.Build.0 = Debug|Any CPU
		{3CF17889-9A2E-40F8-8CE1-779A31316403}.Debug|x86.ActiveCfg = Debug|Any CPU
		{3CF17889-9A2E-40F8-8CE1-779A31316403}.Debug|x86.Build.0 = Debug|Any CPU
		{3CF17889-9A2E-40F8-8CE1-779A31316403}.Release|Any CPU.ActiveCfg = Release|Any CPU
		{3CF17889-9A2E-40F8-8CE1-779A31316403}.Release|Any CPU.Build.0 = Release|Any CPU
		{3CF17889-9A2E-40F8-8CE1-779A31316403}.Release|x64.ActiveCfg = Release|Any CPU
		{3CF17889-9A2E-40F8-8CE1-779A31316403}.Release|x64.Build.0 = Release|Any CPU
		{3CF17889-9A2E-40F8-8CE1-779A31316403}.Release|x86.ActiveCfg = Release|Any CPU
		{3CF17889-9A2E-40F8-8CE1-779A31316403}.Release|x86.Build.0 = Release|Any CPU
	EndGlobalSection
	GlobalSection(SolutionProperties) = preSolution
		HideSolutionNode = FALSE
	EndGlobalSection
	GlobalSection(ExtensibilityGlobals) = postSolution
		SolutionGuid = {3FD72DE6-D8D5-4942-958E-FD9122706F6C}
	EndGlobalSection
EndGlobal
